// !$*UTF8*$!
{
	archiveVersion = 1;
	classes = {
	};
	objectVersion = 46;
	objects = {

/* Begin PBXBuildFile section */
		920ED4E8724B324681B9E1D2 /* Pods_CityScape.framework in Frameworks */ = {isa = PBXBuildFile; fileRef = 47D374EEC079C3495602BD7E /* Pods_CityScape.framework */; };
		A353F0CC1D1224BC009A2182 /* AppDelegate.swift in Sources */ = {isa = PBXBuildFile; fileRef = A353F0CB1D1224BC009A2182 /* AppDelegate.swift */; };
		A353F0CE1D1224BC009A2182 /* SignUpController.swift in Sources */ = {isa = PBXBuildFile; fileRef = A353F0CD1D1224BC009A2182 /* SignUpController.swift */; };
		A353F0D11D1224BC009A2182 /* Main.storyboard in Resources */ = {isa = PBXBuildFile; fileRef = A353F0CF1D1224BC009A2182 /* Main.storyboard */; };
		A353F0D31D1224BC009A2182 /* Assets.xcassets in Resources */ = {isa = PBXBuildFile; fileRef = A353F0D21D1224BC009A2182 /* Assets.xcassets */; };
		A353F0D61D1224BC009A2182 /* LaunchScreen.storyboard in Resources */ = {isa = PBXBuildFile; fileRef = A353F0D41D1224BC009A2182 /* LaunchScreen.storyboard */; };
		A353F0E11D1224BC009A2182 /* CityScapeTests.swift in Sources */ = {isa = PBXBuildFile; fileRef = A353F0E01D1224BC009A2182 /* CityScapeTests.swift */; };
		A353F0EC1D1224BC009A2182 /* CityScapeUITests.swift in Sources */ = {isa = PBXBuildFile; fileRef = A353F0EB1D1224BC009A2182 /* CityScapeUITests.swift */; };
		A353F0FA1D1226D3009A2182 /* GoogleService-Info.plist in Resources */ = {isa = PBXBuildFile; fileRef = A353F0F91D1226D3009A2182 /* GoogleService-Info.plist */; };
		A353F0FB1D1226D3009A2182 /* GoogleService-Info.plist in Resources */ = {isa = PBXBuildFile; fileRef = A353F0F91D1226D3009A2182 /* GoogleService-Info.plist */; };
		A353F0FC1D1226D3009A2182 /* GoogleService-Info.plist in Resources */ = {isa = PBXBuildFile; fileRef = A353F0F91D1226D3009A2182 /* GoogleService-Info.plist */; };
		A353F0FF1D122B63009A2182 /* background.gif in Resources */ = {isa = PBXBuildFile; fileRef = A353F0FE1D122B63009A2182 /* background.gif */; };
		A3BB98191D12E67E00BD384F /* TextFields.swift in Sources */ = {isa = PBXBuildFile; fileRef = A3BB98181D12E67E00BD384F /* TextFields.swift */; };
		A3BB981B1D12E89E00BD384F /* ExploreButton.swift in Sources */ = {isa = PBXBuildFile; fileRef = A3BB981A1D12E89E00BD384F /* ExploreButton.swift */; };
		A3BB981D1D136CB600BD384F /* LogInController.swift in Sources */ = {isa = PBXBuildFile; fileRef = A3BB981C1D136CB600BD384F /* LogInController.swift */; };
		A3BB98291D1B63D800BD384F /* ProfileSignUpController.swift in Sources */ = {isa = PBXBuildFile; fileRef = A3BB98281D1B63D800BD384F /* ProfileSignUpController.swift */; };
		A3BB982B1D1C5ACD00BD384F /* SignInController.swift in Sources */ = {isa = PBXBuildFile; fileRef = A3BB982A1D1C5ACD00BD384F /* SignInController.swift */; };
		A3BB982D1D1C5DC200BD384F /* ForgotPasswordController.swift in Sources */ = {isa = PBXBuildFile; fileRef = A3BB982C1D1C5DC200BD384F /* ForgotPasswordController.swift */; };
		A3BB982F1D1C8E2600BD384F /* ProfilePictureView.swift in Sources */ = {isa = PBXBuildFile; fileRef = A3BB982E1D1C8E2600BD384F /* ProfilePictureView.swift */; };
/* End PBXBuildFile section */

/* Begin PBXContainerItemProxy section */
		A353F0DD1D1224BC009A2182 /* PBXContainerItemProxy */ = {
			isa = PBXContainerItemProxy;
			containerPortal = A353F0C01D1224BC009A2182 /* Project object */;
			proxyType = 1;
			remoteGlobalIDString = A353F0C71D1224BC009A2182;
			remoteInfo = CityScape;
		};
		A353F0E81D1224BC009A2182 /* PBXContainerItemProxy */ = {
			isa = PBXContainerItemProxy;
			containerPortal = A353F0C01D1224BC009A2182 /* Project object */;
			proxyType = 1;
			remoteGlobalIDString = A353F0C71D1224BC009A2182;
			remoteInfo = CityScape;
		};
/* End PBXContainerItemProxy section */

/* Begin PBXFileReference section */
		47D374EEC079C3495602BD7E /* Pods_CityScape.framework */ = {isa = PBXFileReference; explicitFileType = wrapper.framework; includeInIndex = 0; path = Pods_CityScape.framework; sourceTree = BUILT_PRODUCTS_DIR; };
		A353F0C81D1224BC009A2182 /* CityScape.app */ = {isa = PBXFileReference; explicitFileType = wrapper.application; includeInIndex = 0; path = CityScape.app; sourceTree = BUILT_PRODUCTS_DIR; };
		A353F0CB1D1224BC009A2182 /* AppDelegate.swift */ = {isa = PBXFileReference; lastKnownFileType = sourcecode.swift; path = AppDelegate.swift; sourceTree = "<group>"; };
		A353F0CD1D1224BC009A2182 /* SignUpController.swift */ = {isa = PBXFileReference; lastKnownFileType = sourcecode.swift; name = SignUpController.swift; path = CityScape/SignUpController.swift; sourceTree = "<group>"; };
		A353F0D01D1224BC009A2182 /* Base */ = {isa = PBXFileReference; lastKnownFileType = file.storyboard; name = Base; path = Base.lproj/Main.storyboard; sourceTree = "<group>"; };
		A353F0D21D1224BC009A2182 /* Assets.xcassets */ = {isa = PBXFileReference; lastKnownFileType = folder.assetcatalog; name = Assets.xcassets; path = CityScape/Assets.xcassets; sourceTree = "<group>"; };
		A353F0D51D1224BC009A2182 /* Base */ = {isa = PBXFileReference; lastKnownFileType = file.storyboard; name = Base; path = Base.lproj/LaunchScreen.storyboard; sourceTree = "<group>"; };
		A353F0D71D1224BC009A2182 /* Info.plist */ = {isa = PBXFileReference; lastKnownFileType = text.plist.xml; name = Info.plist; path = CityScape/Info.plist; sourceTree = "<group>"; };
		A353F0DC1D1224BC009A2182 /* CityScapeTests.xctest */ = {isa = PBXFileReference; explicitFileType = wrapper.cfbundle; includeInIndex = 0; path = CityScapeTests.xctest; sourceTree = BUILT_PRODUCTS_DIR; };
		A353F0E01D1224BC009A2182 /* CityScapeTests.swift */ = {isa = PBXFileReference; lastKnownFileType = sourcecode.swift; path = CityScapeTests.swift; sourceTree = "<group>"; };
		A353F0E21D1224BC009A2182 /* Info.plist */ = {isa = PBXFileReference; lastKnownFileType = text.plist.xml; path = Info.plist; sourceTree = "<group>"; };
		A353F0E71D1224BC009A2182 /* CityScapeUITests.xctest */ = {isa = PBXFileReference; explicitFileType = wrapper.cfbundle; includeInIndex = 0; path = CityScapeUITests.xctest; sourceTree = BUILT_PRODUCTS_DIR; };
		A353F0EB1D1224BC009A2182 /* CityScapeUITests.swift */ = {isa = PBXFileReference; lastKnownFileType = sourcecode.swift; path = CityScapeUITests.swift; sourceTree = "<group>"; };
		A353F0ED1D1224BC009A2182 /* Info.plist */ = {isa = PBXFileReference; lastKnownFileType = text.plist.xml; path = Info.plist; sourceTree = "<group>"; };
		A353F0F91D1226D3009A2182 /* GoogleService-Info.plist */ = {isa = PBXFileReference; fileEncoding = 4; lastKnownFileType = text.plist.xml; name = "GoogleService-Info.plist"; path = "CityScape/GoogleService-Info.plist"; sourceTree = "<group>"; };
		A353F0FE1D122B63009A2182 /* background.gif */ = {isa = PBXFileReference; lastKnownFileType = image.gif; path = background.gif; sourceTree = "<group>"; };
		A3BB98181D12E67E00BD384F /* TextFields.swift */ = {isa = PBXFileReference; fileEncoding = 4; lastKnownFileType = sourcecode.swift; path = TextFields.swift; sourceTree = "<group>"; };
		A3BB981A1D12E89E00BD384F /* ExploreButton.swift */ = {isa = PBXFileReference; fileEncoding = 4; lastKnownFileType = sourcecode.swift; path = ExploreButton.swift; sourceTree = "<group>"; };
		A3BB981C1D136CB600BD384F /* LogInController.swift */ = {isa = PBXFileReference; fileEncoding = 4; lastKnownFileType = sourcecode.swift; path = LogInController.swift; sourceTree = "<group>"; };
		A3BB98281D1B63D800BD384F /* ProfileSignUpController.swift */ = {isa = PBXFileReference; fileEncoding = 4; lastKnownFileType = sourcecode.swift; path = ProfileSignUpController.swift; sourceTree = "<group>"; };
		A3BB982A1D1C5ACD00BD384F /* SignInController.swift */ = {isa = PBXFileReference; fileEncoding = 4; lastKnownFileType = sourcecode.swift; path = SignInController.swift; sourceTree = "<group>"; };
		A3BB982C1D1C5DC200BD384F /* ForgotPasswordController.swift */ = {isa = PBXFileReference; fileEncoding = 4; lastKnownFileType = sourcecode.swift; path = ForgotPasswordController.swift; sourceTree = "<group>"; };
		A3BB982E1D1C8E2600BD384F /* ProfilePictureView.swift */ = {isa = PBXFileReference; fileEncoding = 4; lastKnownFileType = sourcecode.swift; path = ProfilePictureView.swift; sourceTree = "<group>"; };
		AC87D44436C8E19921A25DF1 /* Pods-CityScape.debug.xcconfig */ = {isa = PBXFileReference; includeInIndex = 1; lastKnownFileType = text.xcconfig; name = "Pods-CityScape.debug.xcconfig"; path = "Pods/Target Support Files/Pods-CityScape/Pods-CityScape.debug.xcconfig"; sourceTree = "<group>"; };
		EC6DFADC844B37564605F841 /* Pods-CityScape.release.xcconfig */ = {isa = PBXFileReference; includeInIndex = 1; lastKnownFileType = text.xcconfig; name = "Pods-CityScape.release.xcconfig"; path = "Pods/Target Support Files/Pods-CityScape/Pods-CityScape.release.xcconfig"; sourceTree = "<group>"; };
/* End PBXFileReference section */

/* Begin PBXFrameworksBuildPhase section */
		A353F0C51D1224BC009A2182 /* Frameworks */ = {
			isa = PBXFrameworksBuildPhase;
			buildActionMask = 2147483647;
			files = (
				920ED4E8724B324681B9E1D2 /* Pods_CityScape.framework in Frameworks */,
			);
			runOnlyForDeploymentPostprocessing = 0;
		};
		A353F0D91D1224BC009A2182 /* Frameworks */ = {
			isa = PBXFrameworksBuildPhase;
			buildActionMask = 2147483647;
			files = (
			);
			runOnlyForDeploymentPostprocessing = 0;
		};
		A353F0E41D1224BC009A2182 /* Frameworks */ = {
			isa = PBXFrameworksBuildPhase;
			buildActionMask = 2147483647;
			files = (
			);
			runOnlyForDeploymentPostprocessing = 0;
		};
/* End PBXFrameworksBuildPhase section */

/* Begin PBXGroup section */
		06C7A9722D182464BCD9096F /* Frameworks */ = {
			isa = PBXGroup;
			children = (
				47D374EEC079C3495602BD7E /* Pods_CityScape.framework */,
			);
			name = Frameworks;
			sourceTree = "<group>";
		};
		16C6CB862C1116E74E9A8AA1 /* Pods */ = {
			isa = PBXGroup;
			children = (
				AC87D44436C8E19921A25DF1 /* Pods-CityScape.debug.xcconfig */,
				EC6DFADC844B37564605F841 /* Pods-CityScape.release.xcconfig */,
			);
			name = Pods;
			sourceTree = "<group>";
		};
		A353F0BF1D1224BC009A2182 = {
			isa = PBXGroup;
			children = (
				A3BB98171D12E66E00BD384F /* Views */,
				A3BB98161D12E65300BD384F /* ViewControllers */,
				A3BB98151D12E64300BD384F /* Storyboards */,
				A353F0FD1D122B52009A2182 /* gifs */,
				A353F0CA1D1224BC009A2182 /* AppDelegate */,
				A353F0DF1D1224BC009A2182 /* CityScapeTests */,
				A353F0EA1D1224BC009A2182 /* CityScapeUITests */,
				A353F0C91D1224BC009A2182 /* Products */,
				16C6CB862C1116E74E9A8AA1 /* Pods */,
				06C7A9722D182464BCD9096F /* Frameworks */,
				A353F0D71D1224BC009A2182 /* Info.plist */,
				A353F0F91D1226D3009A2182 /* GoogleService-Info.plist */,
				A353F0D21D1224BC009A2182 /* Assets.xcassets */,
			);
			sourceTree = "<group>";
		};
		A353F0C91D1224BC009A2182 /* Products */ = {
			isa = PBXGroup;
			children = (
				A353F0C81D1224BC009A2182 /* CityScape.app */,
				A353F0DC1D1224BC009A2182 /* CityScapeTests.xctest */,
				A353F0E71D1224BC009A2182 /* CityScapeUITests.xctest */,
			);
			name = Products;
			sourceTree = "<group>";
		};
		A353F0CA1D1224BC009A2182 /* AppDelegate */ = {
			isa = PBXGroup;
			children = (
				A353F0CB1D1224BC009A2182 /* AppDelegate.swift */,
			);
			name = AppDelegate;
			path = CityScape;
			sourceTree = "<group>";
		};
		A353F0DF1D1224BC009A2182 /* CityScapeTests */ = {
			isa = PBXGroup;
			children = (
				A353F0E01D1224BC009A2182 /* CityScapeTests.swift */,
				A353F0E21D1224BC009A2182 /* Info.plist */,
			);
			path = CityScapeTests;
			sourceTree = "<group>";
		};
		A353F0EA1D1224BC009A2182 /* CityScapeUITests */ = {
			isa = PBXGroup;
			children = (
				A353F0EB1D1224BC009A2182 /* CityScapeUITests.swift */,
				A353F0ED1D1224BC009A2182 /* Info.plist */,
			);
			path = CityScapeUITests;
			sourceTree = "<group>";
		};
		A353F0FD1D122B52009A2182 /* gifs */ = {
			isa = PBXGroup;
			children = (
				A353F0FE1D122B63009A2182 /* background.gif */,
			);
			name = gifs;
			sourceTree = "<group>";
		};
		A3BB98151D12E64300BD384F /* Storyboards */ = {
			isa = PBXGroup;
			children = (
				A353F0D41D1224BC009A2182 /* LaunchScreen.storyboard */,
				A353F0CF1D1224BC009A2182 /* Main.storyboard */,
			);
			name = Storyboards;
			sourceTree = "<group>";
		};
		A3BB98161D12E65300BD384F /* ViewControllers */ = {
			isa = PBXGroup;
			children = (
				A353F0CD1D1224BC009A2182 /* SignUpController.swift */,
				A3BB981C1D136CB600BD384F /* LogInController.swift */,
				A3BB98281D1B63D800BD384F /* ProfileSignUpController.swift */,
				A3BB982A1D1C5ACD00BD384F /* SignInController.swift */,
				A3BB982C1D1C5DC200BD384F /* ForgotPasswordController.swift */,
			);
			name = ViewControllers;
			sourceTree = "<group>";
		};
		A3BB98171D12E66E00BD384F /* Views */ = {
			isa = PBXGroup;
			children = (
				A3BB98181D12E67E00BD384F /* TextFields.swift */,
				A3BB981A1D12E89E00BD384F /* ExploreButton.swift */,
				A3BB982E1D1C8E2600BD384F /* ProfilePictureView.swift */,
			);
			name = Views;
			sourceTree = "<group>";
		};
/* End PBXGroup section */

/* Begin PBXNativeTarget section */
		A353F0C71D1224BC009A2182 /* CityScape */ = {
			isa = PBXNativeTarget;
			buildConfigurationList = A353F0F01D1224BC009A2182 /* Build configuration list for PBXNativeTarget "CityScape" */;
			buildPhases = (
				7544467B737906C0E12A1E77 /* Check Pods Manifest.lock */,
				A353F0C41D1224BC009A2182 /* Sources */,
				A353F0C51D1224BC009A2182 /* Frameworks */,
				A353F0C61D1224BC009A2182 /* Resources */,
				832754F0CE2DC8535E81406D /* Embed Pods Frameworks */,
				D9E7D84E20D7C882EB1734DE /* Copy Pods Resources */,
			);
			buildRules = (
			);
			dependencies = (
			);
			name = CityScape;
			productName = CityScape;
			productReference = A353F0C81D1224BC009A2182 /* CityScape.app */;
			productType = "com.apple.product-type.application";
		};
		A353F0DB1D1224BC009A2182 /* CityScapeTests */ = {
			isa = PBXNativeTarget;
			buildConfigurationList = A353F0F31D1224BC009A2182 /* Build configuration list for PBXNativeTarget "CityScapeTests" */;
			buildPhases = (
				A353F0D81D1224BC009A2182 /* Sources */,
				A353F0D91D1224BC009A2182 /* Frameworks */,
				A353F0DA1D1224BC009A2182 /* Resources */,
			);
			buildRules = (
			);
			dependencies = (
				A353F0DE1D1224BC009A2182 /* PBXTargetDependency */,
			);
			name = CityScapeTests;
			productName = CityScapeTests;
			productReference = A353F0DC1D1224BC009A2182 /* CityScapeTests.xctest */;
			productType = "com.apple.product-type.bundle.unit-test";
		};
		A353F0E61D1224BC009A2182 /* CityScapeUITests */ = {
			isa = PBXNativeTarget;
			buildConfigurationList = A353F0F61D1224BC009A2182 /* Build configuration list for PBXNativeTarget "CityScapeUITests" */;
			buildPhases = (
				A353F0E31D1224BC009A2182 /* Sources */,
				A353F0E41D1224BC009A2182 /* Frameworks */,
				A353F0E51D1224BC009A2182 /* Resources */,
			);
			buildRules = (
			);
			dependencies = (
				A353F0E91D1224BC009A2182 /* PBXTargetDependency */,
			);
			name = CityScapeUITests;
			productName = CityScapeUITests;
			productReference = A353F0E71D1224BC009A2182 /* CityScapeUITests.xctest */;
			productType = "com.apple.product-type.bundle.ui-testing";
		};
/* End PBXNativeTarget section */

/* Begin PBXProject section */
		A353F0C01D1224BC009A2182 /* Project object */ = {
			isa = PBXProject;
			attributes = {
				LastSwiftUpdateCheck = 0720;
				LastUpgradeCheck = 0720;
				ORGANIZATIONNAME = "Cina Mehrvar";
				TargetAttributes = {
					A353F0C71D1224BC009A2182 = {
						CreatedOnToolsVersion = 7.2;
					};
					A353F0DB1D1224BC009A2182 = {
						CreatedOnToolsVersion = 7.2;
						TestTargetID = A353F0C71D1224BC009A2182;
					};
					A353F0E61D1224BC009A2182 = {
						CreatedOnToolsVersion = 7.2;
						TestTargetID = A353F0C71D1224BC009A2182;
					};
				};
			};
			buildConfigurationList = A353F0C31D1224BC009A2182 /* Build configuration list for PBXProject "CityScape" */;
			compatibilityVersion = "Xcode 3.2";
			developmentRegion = English;
			hasScannedForEncodings = 0;
			knownRegions = (
				en,
				Base,
			);
			mainGroup = A353F0BF1D1224BC009A2182;
			productRefGroup = A353F0C91D1224BC009A2182 /* Products */;
			projectDirPath = "";
			projectRoot = "";
			targets = (
				A353F0C71D1224BC009A2182 /* CityScape */,
				A353F0DB1D1224BC009A2182 /* CityScapeTests */,
				A353F0E61D1224BC009A2182 /* CityScapeUITests */,
			);
		};
/* End PBXProject section */

/* Begin PBXResourcesBuildPhase section */
		A353F0C61D1224BC009A2182 /* Resources */ = {
			isa = PBXResourcesBuildPhase;
			buildActionMask = 2147483647;
			files = (
				A353F0D61D1224BC009A2182 /* LaunchScreen.storyboard in Resources */,
				A353F0FA1D1226D3009A2182 /* GoogleService-Info.plist in Resources */,
				A353F0FF1D122B63009A2182 /* background.gif in Resources */,
				A353F0D31D1224BC009A2182 /* Assets.xcassets in Resources */,
				A353F0D11D1224BC009A2182 /* Main.storyboard in Resources */,
			);
			runOnlyForDeploymentPostprocessing = 0;
		};
		A353F0DA1D1224BC009A2182 /* Resources */ = {
			isa = PBXResourcesBuildPhase;
			buildActionMask = 2147483647;
			files = (
				A353F0FB1D1226D3009A2182 /* GoogleService-Info.plist in Resources */,
			);
			runOnlyForDeploymentPostprocessing = 0;
		};
		A353F0E51D1224BC009A2182 /* Resources */ = {
			isa = PBXResourcesBuildPhase;
			buildActionMask = 2147483647;
			files = (
				A353F0FC1D1226D3009A2182 /* GoogleService-Info.plist in Resources */,
			);
			runOnlyForDeploymentPostprocessing = 0;
		};
/* End PBXResourcesBuildPhase section */

/* Begin PBXShellScriptBuildPhase section */
		7544467B737906C0E12A1E77 /* Check Pods Manifest.lock */ = {
			isa = PBXShellScriptBuildPhase;
			buildActionMask = 2147483647;
			files = (
			);
			inputPaths = (
			);
			name = "Check Pods Manifest.lock";
			outputPaths = (
			);
			runOnlyForDeploymentPostprocessing = 0;
			shellPath = /bin/sh;
			shellScript = "diff \"${PODS_ROOT}/../Podfile.lock\" \"${PODS_ROOT}/Manifest.lock\" > /dev/null\nif [[ $? != 0 ]] ; then\n    cat << EOM\nerror: The sandbox is not in sync with the Podfile.lock. Run 'pod install' or update your CocoaPods installation.\nEOM\n    exit 1\nfi\n";
			showEnvVarsInLog = 0;
		};
		832754F0CE2DC8535E81406D /* Embed Pods Frameworks */ = {
			isa = PBXShellScriptBuildPhase;
			buildActionMask = 2147483647;
			files = (
			);
			inputPaths = (
			);
			name = "Embed Pods Frameworks";
			outputPaths = (
			);
			runOnlyForDeploymentPostprocessing = 0;
			shellPath = /bin/sh;
			shellScript = "\"${SRCROOT}/Pods/Target Support Files/Pods-CityScape/Pods-CityScape-frameworks.sh\"\n";
			showEnvVarsInLog = 0;
		};
		D9E7D84E20D7C882EB1734DE /* Copy Pods Resources */ = {
			isa = PBXShellScriptBuildPhase;
			buildActionMask = 2147483647;
			files = (
			);
			inputPaths = (
			);
			name = "Copy Pods Resources";
			outputPaths = (
			);
			runOnlyForDeploymentPostprocessing = 0;
			shellPath = /bin/sh;
			shellScript = "\"${SRCROOT}/Pods/Target Support Files/Pods-CityScape/Pods-CityScape-resources.sh\"\n";
			showEnvVarsInLog = 0;
		};
/* End PBXShellScriptBuildPhase section */

/* Begin PBXSourcesBuildPhase section */
		A353F0C41D1224BC009A2182 /* Sources */ = {
			isa = PBXSourcesBuildPhase;
			buildActionMask = 2147483647;
			files = (
				A353F0CE1D1224BC009A2182 /* SignUpController.swift in Sources */,
				A3BB982F1D1C8E2600BD384F /* ProfilePictureView.swift in Sources */,
				A3BB982D1D1C5DC200BD384F /* ForgotPasswordController.swift in Sources */,
				A3BB981B1D12E89E00BD384F /* ExploreButton.swift in Sources */,
				A3BB981D1D136CB600BD384F /* LogInController.swift in Sources */,
				A353F0CC1D1224BC009A2182 /* AppDelegate.swift in Sources */,
				A3BB982B1D1C5ACD00BD384F /* SignInController.swift in Sources */,
				A3BB98291D1B63D800BD384F /* ProfileSignUpController.swift in Sources */,
				A3BB98191D12E67E00BD384F /* TextFields.swift in Sources */,
			);
			runOnlyForDeploymentPostprocessing = 0;
		};
		A353F0D81D1224BC009A2182 /* Sources */ = {
			isa = PBXSourcesBuildPhase;
			buildActionMask = 2147483647;
			files = (
				A353F0E11D1224BC009A2182 /* CityScapeTests.swift in Sources */,
			);
			runOnlyForDeploymentPostprocessing = 0;
		};
		A353F0E31D1224BC009A2182 /* Sources */ = {
			isa = PBXSourcesBuildPhase;
			buildActionMask = 2147483647;
			files = (
				A353F0EC1D1224BC009A2182 /* CityScapeUITests.swift in Sources */,
			);
			runOnlyForDeploymentPostprocessing = 0;
		};
/* End PBXSourcesBuildPhase section */

/* Begin PBXTargetDependency section */
		A353F0DE1D1224BC009A2182 /* PBXTargetDependency */ = {
			isa = PBXTargetDependency;
			target = A353F0C71D1224BC009A2182 /* CityScape */;
			targetProxy = A353F0DD1D1224BC009A2182 /* PBXContainerItemProxy */;
		};
		A353F0E91D1224BC009A2182 /* PBXTargetDependency */ = {
			isa = PBXTargetDependency;
			target = A353F0C71D1224BC009A2182 /* CityScape */;
			targetProxy = A353F0E81D1224BC009A2182 /* PBXContainerItemProxy */;
		};
/* End PBXTargetDependency section */

/* Begin PBXVariantGroup section */
		A353F0CF1D1224BC009A2182 /* Main.storyboard */ = {
			isa = PBXVariantGroup;
			children = (
				A353F0D01D1224BC009A2182 /* Base */,
			);
			name = Main.storyboard;
			path = CityScape;
			sourceTree = "<group>";
		};
		A353F0D41D1224BC009A2182 /* LaunchScreen.storyboard */ = {
			isa = PBXVariantGroup;
			children = (
				A353F0D51D1224BC009A2182 /* Base */,
			);
			name = LaunchScreen.storyboard;
			path = CityScape;
			sourceTree = "<group>";
		};
/* End PBXVariantGroup section */

/* Begin XCBuildConfiguration section */
		A353F0EE1D1224BC009A2182 /* Debug */ = {
			isa = XCBuildConfiguration;
			buildSettings = {
				ALWAYS_SEARCH_USER_PATHS = NO;
				CLANG_CXX_LANGUAGE_STANDARD = "gnu++0x";
				CLANG_CXX_LIBRARY = "libc++";
				CLANG_ENABLE_MODULES = YES;
				CLANG_ENABLE_OBJC_ARC = YES;
				CLANG_WARN_BOOL_CONVERSION = YES;
				CLANG_WARN_CONSTANT_CONVERSION = YES;
				CLANG_WARN_DIRECT_OBJC_ISA_USAGE = YES_ERROR;
				CLANG_WARN_EMPTY_BODY = YES;
				CLANG_WARN_ENUM_CONVERSION = YES;
				CLANG_WARN_INT_CONVERSION = YES;
				CLANG_WARN_OBJC_ROOT_CLASS = YES_ERROR;
				CLANG_WARN_UNREACHABLE_CODE = YES;
				CLANG_WARN__DUPLICATE_METHOD_MATCH = YES;
				"CODE_SIGN_IDENTITY[sdk=iphoneos*]" = "iPhone Developer";
				COPY_PHASE_STRIP = NO;
				DEBUG_INFORMATION_FORMAT = dwarf;
				ENABLE_STRICT_OBJC_MSGSEND = YES;
				ENABLE_TESTABILITY = YES;
				GCC_C_LANGUAGE_STANDARD = gnu99;
				GCC_DYNAMIC_NO_PIC = NO;
				GCC_NO_COMMON_BLOCKS = YES;
				GCC_OPTIMIZATION_LEVEL = 0;
				GCC_PREPROCESSOR_DEFINITIONS = (
					"DEBUG=1",
					"$(inherited)",
				);
				GCC_WARN_64_TO_32_BIT_CONVERSION = YES;
				GCC_WARN_ABOUT_RETURN_TYPE = YES_ERROR;
				GCC_WARN_UNDECLARED_SELECTOR = YES;
				GCC_WARN_UNINITIALIZED_AUTOS = YES_AGGRESSIVE;
				GCC_WARN_UNUSED_FUNCTION = YES;
				GCC_WARN_UNUSED_VARIABLE = YES;
				IPHONEOS_DEPLOYMENT_TARGET = 9.2;
				MTL_ENABLE_DEBUG_INFO = YES;
				ONLY_ACTIVE_ARCH = YES;
				SDKROOT = iphoneos;
				SWIFT_OPTIMIZATION_LEVEL = "-Onone";
				TARGETED_DEVICE_FAMILY = "1,2";
			};
			name = Debug;
		};
		A353F0EF1D1224BC009A2182 /* Release */ = {
			isa = XCBuildConfiguration;
			buildSettings = {
				ALWAYS_SEARCH_USER_PATHS = NO;
				CLANG_CXX_LANGUAGE_STANDARD = "gnu++0x";
				CLANG_CXX_LIBRARY = "libc++";
				CLANG_ENABLE_MODULES = YES;
				CLANG_ENABLE_OBJC_ARC = YES;
				CLANG_WARN_BOOL_CONVERSION = YES;
				CLANG_WARN_CONSTANT_CONVERSION = YES;
				CLANG_WARN_DIRECT_OBJC_ISA_USAGE = YES_ERROR;
				CLANG_WARN_EMPTY_BODY = YES;
				CLANG_WARN_ENUM_CONVERSION = YES;
				CLANG_WARN_INT_CONVERSION = YES;
				CLANG_WARN_OBJC_ROOT_CLASS = YES_ERROR;
				CLANG_WARN_UNREACHABLE_CODE = YES;
				CLANG_WARN__DUPLICATE_METHOD_MATCH = YES;
				"CODE_SIGN_IDENTITY[sdk=iphoneos*]" = "iPhone Developer";
				COPY_PHASE_STRIP = NO;
				DEBUG_INFORMATION_FORMAT = "dwarf-with-dsym";
				ENABLE_NS_ASSERTIONS = NO;
				ENABLE_STRICT_OBJC_MSGSEND = YES;
				GCC_C_LANGUAGE_STANDARD = gnu99;
				GCC_NO_COMMON_BLOCKS = YES;
				GCC_WARN_64_TO_32_BIT_CONVERSION = YES;
				GCC_WARN_ABOUT_RETURN_TYPE = YES_ERROR;
				GCC_WARN_UNDECLARED_SELECTOR = YES;
				GCC_WARN_UNINITIALIZED_AUTOS = YES_AGGRESSIVE;
				GCC_WARN_UNUSED_FUNCTION = YES;
				GCC_WARN_UNUSED_VARIABLE = YES;
				IPHONEOS_DEPLOYMENT_TARGET = 9.2;
				MTL_ENABLE_DEBUG_INFO = NO;
				SDKROOT = iphoneos;
				TARGETED_DEVICE_FAMILY = "1,2";
				VALIDATE_PRODUCT = YES;
			};
			name = Release;
		};
		A353F0F11D1224BC009A2182 /* Debug */ = {
			isa = XCBuildConfiguration;
			baseConfigurationReference = AC87D44436C8E19921A25DF1 /* Pods-CityScape.debug.xcconfig */;
			buildSettings = {
				ASSETCATALOG_COMPILER_APPICON_NAME = AppIcon;
				CLANG_ENABLE_MODULES = YES;
				INFOPLIST_FILE = CityScape/Info.plist;
				IPHONEOS_DEPLOYMENT_TARGET = 9.0;
				LD_RUNPATH_SEARCH_PATHS = "$(inherited) @executable_path/Frameworks";
				PRODUCT_BUNDLE_IDENTIFIER = DormRoom.CityScape;
				PRODUCT_NAME = "$(TARGET_NAME)";
				SWIFT_OPTIMIZATION_LEVEL = "-Onone";
			};
			name = Debug;
		};
		A353F0F21D1224BC009A2182 /* Release */ = {
			isa = XCBuildConfiguration;
			baseConfigurationReference = EC6DFADC844B37564605F841 /* Pods-CityScape.release.xcconfig */;
			buildSettings = {
				ASSETCATALOG_COMPILER_APPICON_NAME = AppIcon;
				CLANG_ENABLE_MODULES = YES;
				INFOPLIST_FILE = CityScape/Info.plist;
				IPHONEOS_DEPLOYMENT_TARGET = 9.0;
				LD_RUNPATH_SEARCH_PATHS = "$(inherited) @executable_path/Frameworks";
				PRODUCT_BUNDLE_IDENTIFIER = DormRoom.CityScape;
				PRODUCT_NAME = "$(TARGET_NAME)";
			};
			name = Release;
		};
		A353F0F41D1224BC009A2182 /* Debug */ = {
			isa = XCBuildConfiguration;
			buildSettings = {
				BUNDLE_LOADER = "$(TEST_HOST)";
				INFOPLIST_FILE = CityScapeTests/Info.plist;
				LD_RUNPATH_SEARCH_PATHS = "$(inherited) @executable_path/Frameworks @loader_path/Frameworks";
				PRODUCT_BUNDLE_IDENTIFIER = DormRoom.CityScapeTests;
				PRODUCT_NAME = "$(TARGET_NAME)";
				TEST_HOST = "$(BUILT_PRODUCTS_DIR)/CityScape.app/CityScape";
			};
			name = Debug;
		};
		A353F0F51D1224BC009A2182 /* Release */ = {
			isa = XCBuildConfiguration;
			buildSettings = {
				BUNDLE_LOADER = "$(TEST_HOST)";
				INFOPLIST_FILE = CityScapeTests/Info.plist;
				LD_RUNPATH_SEARCH_PATHS = "$(inherited) @executable_path/Frameworks @loader_path/Frameworks";
				PRODUCT_BUNDLE_IDENTIFIER = DormRoom.CityScapeTests;
				PRODUCT_NAME = "$(TARGET_NAME)";
				TEST_HOST = "$(BUILT_PRODUCTS_DIR)/CityScape.app/CityScape";
			};
			name = Release;
		};
		A353F0F71D1224BC009A2182 /* Debug */ = {
			isa = XCBuildConfiguration;
			buildSettings = {
				INFOPLIST_FILE = CityScapeUITests/Info.plist;
				LD_RUNPATH_SEARCH_PATHS = "$(inherited) @executable_path/Frameworks @loader_path/Frameworks";
				PRODUCT_BUNDLE_IDENTIFIER = DormRoom.CityScapeUITests;
				PRODUCT_NAME = "$(TARGET_NAME)";
				TEST_TARGET_NAME = CityScape;
				USES_XCTRUNNER = YES;
			};
			name = Debug;
		};
		A353F0F81D1224BC009A2182 /* Release */ = {
			isa = XCBuildConfiguration;
			buildSettings = {
				INFOPLIST_FILE = CityScapeUITests/Info.plist;
				LD_RUNPATH_SEARCH_PATHS = "$(inherited) @executable_path/Frameworks @loader_path/Frameworks";
				PRODUCT_BUNDLE_IDENTIFIER = DormRoom.CityScapeUITests;
				PRODUCT_NAME = "$(TARGET_NAME)";
				TEST_TARGET_NAME = CityScape;
				USES_XCTRUNNER = YES;
			};
			name = Release;
		};
/* End XCBuildConfiguration section */

/* Begin XCConfigurationList section */
		A353F0C31D1224BC009A2182 /* Build configuration list for PBXProject "CityScape" */ = {
			isa = XCConfigurationList;
			buildConfigurations = (
				A353F0EE1D1224BC009A2182 /* Debug */,
				A353F0EF1D1224BC009A2182 /* Release */,
			);
			defaultConfigurationIsVisible = 0;
			defaultConfigurationName = Release;
		};
		A353F0F01D1224BC009A2182 /* Build configuration list for PBXNativeTarget "CityScape" */ = {
			isa = XCConfigurationList;
			buildConfigurations = (
				A353F0F11D1224BC009A2182 /* Debug */,
				A353F0F21D1224BC009A2182 /* Release */,
			);
			defaultConfigurationIsVisible = 0;
			defaultConfigurationName = Release;
		};
		A353F0F31D1224BC009A2182 /* Build configuration list for PBXNativeTarget "CityScapeTests" */ = {
			isa = XCConfigurationList;
			buildConfigurations = (
				A353F0F41D1224BC009A2182 /* Debug */,
				A353F0F51D1224BC009A2182 /* Release */,
			);
			defaultConfigurationIsVisible = 0;
			defaultConfigurationName = Release;
		};
		A353F0F61D1224BC009A2182 /* Build configuration list for PBXNativeTarget "CityScapeUITests" */ = {
			isa = XCConfigurationList;
			buildConfigurations = (
				A353F0F71D1224BC009A2182 /* Debug */,
				A353F0F81D1224BC009A2182 /* Release */,
			);
			defaultConfigurationIsVisible = 0;
			defaultConfigurationName = Release;
		};
/* End XCConfigurationList section */
	};
	rootObject = A353F0C01D1224BC009A2182 /* Project object */;
}
